// !$*UTF8*$!
{
	archiveVersion = 1;
	classes = {
	};
	objectVersion = 50;
	objects = {

/* Begin PBXBuildFile section */
		04402D1B2269DC8200E1BC61 /* JSVMManager.m in Sources */ = {isa = PBXBuildFile; fileRef = 04402D162269DC8200E1BC61 /* JSVMManager.m */; };
		04402D1C2269DC8200E1BC61 /* jsvmTest.js in Resources */ = {isa = PBXBuildFile; fileRef = 04402D172269DC8200E1BC61 /* jsvmTest.js */; };
		04402D1D2269DC8200E1BC61 /* AFNetWorking_Extension.m in Sources */ = {isa = PBXBuildFile; fileRef = 04402D182269DC8200E1BC61 /* AFNetWorking_Extension.m */; };
		04402D1E2269DC8200E1BC61 /* URLSessionDataTask.m in Sources */ = {isa = PBXBuildFile; fileRef = 04402D1A2269DC8200E1BC61 /* URLSessionDataTask.m */; };
		1828D344215E358500AEC12F /* DeviceIdProvider.m in Sources */ = {isa = PBXBuildFile; fileRef = 1828D343215E358500AEC12F /* DeviceIdProvider.m */; };
		186CC14E212D3D38004AC557 /* BaseObject.m in Sources */ = {isa = PBXBuildFile; fileRef = 186CC14D212D3D38004AC557 /* BaseObject.m */; };
		186CC150212D3D5C004AC557 /* QRCode.m in Sources */ = {isa = PBXBuildFile; fileRef = 186CC14F212D3D5C004AC557 /* QRCode.m */; };
		186CC153212D40AF004AC557 /* ImagePicker.m in Sources */ = {isa = PBXBuildFile; fileRef = 186CC152212D40AF004AC557 /* ImagePicker.m */; };
		186CC156212D40FE004AC557 /* ImageUtils.m in Sources */ = {isa = PBXBuildFile; fileRef = 186CC155212D40FE004AC557 /* ImageUtils.m */; };
		186CC17C212D5B92004AC557 /* MOBFoundation.framework in Frameworks */ = {isa = PBXBuildFile; fileRef = 186CC160212D5B92004AC557 /* MOBFoundation.framework */; };
		186CC17D212D5B92004AC557 /* ShareSDK.framework in Frameworks */ = {isa = PBXBuildFile; fileRef = 186CC162212D5B92004AC557 /* ShareSDK.framework */; };
		186CC17E212D5B92004AC557 /* ShareSDKConfigFile.bundle in Resources */ = {isa = PBXBuildFile; fileRef = 186CC165212D5B92004AC557 /* ShareSDKConfigFile.bundle */; };
		186CC17F212D5B92004AC557 /* ShareSDKConfigFile.framework in Frameworks */ = {isa = PBXBuildFile; fileRef = 186CC166212D5B92004AC557 /* ShareSDKConfigFile.framework */; };
		186CC180212D5B92004AC557 /* ShareSDKExtension.framework in Frameworks */ = {isa = PBXBuildFile; fileRef = 186CC167212D5B92004AC557 /* ShareSDKExtension.framework */; };
		186CC181212D5B92004AC557 /* ShareSDKUI.bundle in Resources */ = {isa = PBXBuildFile; fileRef = 186CC168212D5B92004AC557 /* ShareSDKUI.bundle */; };
		186CC182212D5B92004AC557 /* ShareSDKUI.framework in Frameworks */ = {isa = PBXBuildFile; fileRef = 186CC169212D5B92004AC557 /* ShareSDKUI.framework */; };
		186CC183212D5B92004AC557 /* LineConnector.framework in Frameworks */ = {isa = PBXBuildFile; fileRef = 186CC16B212D5B92004AC557 /* LineConnector.framework */; };
		186CC184212D5B92004AC557 /* QQConnector.framework in Frameworks */ = {isa = PBXBuildFile; fileRef = 186CC16C212D5B92004AC557 /* QQConnector.framework */; };
		186CC185212D5B92004AC557 /* WechatConnector.framework in Frameworks */ = {isa = PBXBuildFile; fileRef = 186CC16D212D5B92004AC557 /* WechatConnector.framework */; };
		186CC186212D5B92004AC557 /* LineSDK.framework in Frameworks */ = {isa = PBXBuildFile; fileRef = 186CC170212D5B92004AC557 /* LineSDK.framework */; };
		186CC187212D5B92004AC557 /* TencentOpenAPI.framework in Frameworks */ = {isa = PBXBuildFile; fileRef = 186CC172212D5B92004AC557 /* TencentOpenAPI.framework */; };
		186CC188212D5B92004AC557 /* libWeChatSDK.a in Frameworks */ = {isa = PBXBuildFile; fileRef = 186CC174212D5B92004AC557 /* libWeChatSDK.a */; };
		186CC189212D5B92004AC557 /* README.txt in Resources */ = {isa = PBXBuildFile; fileRef = 186CC175212D5B92004AC557 /* README.txt */; };
		186CC18A212D5B92004AC557 /* ShareSDK.bundle in Resources */ = {isa = PBXBuildFile; fileRef = 186CC17A212D5B92004AC557 /* ShareSDK.bundle */; };
		186CC18B212D5B92004AC557 /* ShareSDKConnector.framework in Frameworks */ = {isa = PBXBuildFile; fileRef = 186CC17B212D5B92004AC557 /* ShareSDKConnector.framework */; };
		186CC18D212E570B004AC557 /* libicucore.tbd in Frameworks */ = {isa = PBXBuildFile; fileRef = 186CC18C212E570B004AC557 /* libicucore.tbd */; };
		186CC18F212E5718004AC557 /* libz.tbd in Frameworks */ = {isa = PBXBuildFile; fileRef = 186CC18E212E5718004AC557 /* libz.tbd */; };
		186CC191212E5732004AC557 /* libstdc++.tbd in Frameworks */ = {isa = PBXBuildFile; fileRef = 186CC190212E5732004AC557 /* libstdc++.tbd */; };
		186CC193212E573E004AC557 /* JavaScriptCore.framework in Frameworks */ = {isa = PBXBuildFile; fileRef = 186CC192212E573E004AC557 /* JavaScriptCore.framework */; };
		186CC195212E5756004AC557 /* libsqlite3.tbd in Frameworks */ = {isa = PBXBuildFile; fileRef = 186CC194212E5755004AC557 /* libsqlite3.tbd */; };
		186CC198212E5788004AC557 /* ShareToPlatforms.m in Sources */ = {isa = PBXBuildFile; fileRef = 186CC197212E5788004AC557 /* ShareToPlatforms.m */; };
		186CC1B6212E5F12004AC557 /* Argon2Hash.m in Sources */ = {isa = PBXBuildFile; fileRef = 186CC1B5212E5F12004AC557 /* Argon2Hash.m */; };
		7155D5A8D28B429862CB90DB /* Pods_WebViewPro.framework in Frameworks */ = {isa = PBXBuildFile; fileRef = 05E9AC1474756A21F18A3754 /* Pods_WebViewPro.framework */; };
		F30026992140FC2400318BB7 /* assets in Resources */ = {isa = PBXBuildFile; fileRef = F30026982140FC2400318BB7 /* assets */; };
		F300269C2141161D00318BB7 /* JSIntercept.m in Sources */ = {isa = PBXBuildFile; fileRef = F300269B2141161D00318BB7 /* JSIntercept.m */; };
		F31241AD21AE6E1700819868 /* blake2b.c in Sources */ = {isa = PBXBuildFile; fileRef = F312419C21AE6E1600819868 /* blake2b.c */; };
		F31241AE21AE6E1700819868 /* ref.c in Sources */ = {isa = PBXBuildFile; fileRef = F312419D21AE6E1600819868 /* ref.c */; };
		F31241AF21AE6E1700819868 /* ahash.c in Sources */ = {isa = PBXBuildFile; fileRef = F312419F21AE6E1600819868 /* ahash.c */; };
		F31241B021AE6E1700819868 /* argon2.c in Sources */ = {isa = PBXBuildFile; fileRef = F31241A121AE6E1600819868 /* argon2.c */; };
		F31241B121AE6E1700819868 /* encoding.c in Sources */ = {isa = PBXBuildFile; fileRef = F31241A321AE6E1600819868 /* encoding.c */; };
		F31241B221AE6E1700819868 /* thread.c in Sources */ = {isa = PBXBuildFile; fileRef = F31241A421AE6E1600819868 /* thread.c */; };
		F31241B321AE6E1700819868 /* LICENSE in Resources */ = {isa = PBXBuildFile; fileRef = F31241A821AE6E1600819868 /* LICENSE */; };
		F31241B421AE6E1700819868 /* core.c in Sources */ = {isa = PBXBuildFile; fileRef = F31241AA21AE6E1600819868 /* core.c */; };
		F330722521C0E98D00E0B9C2 /* JSBridge.m in Sources */ = {isa = PBXBuildFile; fileRef = F330722421C0E98D00E0B9C2 /* JSBridge.m */; };
		F3329E8E21BE899900194F23 /* libmp3lame.a in Frameworks */ = {isa = PBXBuildFile; fileRef = F3329E8D21BE899900194F23 /* libmp3lame.a */; };
		F3347FE721D70855000767AA /* CameraPicker.m in Sources */ = {isa = PBXBuildFile; fileRef = F3347FE621D70855000767AA /* CameraPicker.m */; };
		F33D934521AFD1C0001E3AC8 /* YNWebView.m in Sources */ = {isa = PBXBuildFile; fileRef = F33D934421AFD1C0001E3AC8 /* YNWebView.m */; };
		F33D934B21AFF3A3001E3AC8 /* WebViewManager.m in Sources */ = {isa = PBXBuildFile; fileRef = F33D934A21AFF3A3001E3AC8 /* WebViewManager.m */; };
		F33D934F21B109FC001E3AC8 /* globolNavigationController.m in Sources */ = {isa = PBXBuildFile; fileRef = F33D934D21B109FC001E3AC8 /* globolNavigationController.m */; };
		F33D935221B10E44001E3AC8 /* ynWebViewController.m in Sources */ = {isa = PBXBuildFile; fileRef = F33D935121B10E44001E3AC8 /* ynWebViewController.m */; };
		F340DD4321DDB8B800A25D50 /* AudioRecorder.m in Sources */ = {isa = PBXBuildFile; fileRef = F340DD4221DDB8B800A25D50 /* AudioRecorder.m */; };
		F354AB2D2119930300A8BEA8 /* WebViewAppDelegate.m in Sources */ = {isa = PBXBuildFile; fileRef = F354AB2C2119930300A8BEA8 /* WebViewAppDelegate.m */; };
		F354AB302119930300A8BEA8 /* WebViewController.m in Sources */ = {isa = PBXBuildFile; fileRef = F354AB2F2119930300A8BEA8 /* WebViewController.m */; };
		F354AB352119930400A8BEA8 /* Assets.xcassets in Resources */ = {isa = PBXBuildFile; fileRef = F354AB342119930400A8BEA8 /* Assets.xcassets */; };
		F354AB3B2119930400A8BEA8 /* main.m in Sources */ = {isa = PBXBuildFile; fileRef = F354AB3A2119930400A8BEA8 /* main.m */; };
		F35D48D82223968F00711093 /* AliyunEmasServices-Info.plist in Resources */ = {isa = PBXBuildFile; fileRef = F35D48D72223968F00711093 /* AliyunEmasServices-Info.plist */; };
		F362493A22150D5600A28ADE /* MessagePost.m in Sources */ = {isa = PBXBuildFile; fileRef = F362493922150D5600A28ADE /* MessagePost.m */; };
		F367FC3F21B4C63F007C278A /* UIViewController+BackButtonHandler.m in Sources */ = {isa = PBXBuildFile; fileRef = F367FC3E21B4C63F007C278A /* UIViewController+BackButtonHandler.m */; };
		F3750F20223239FB0047B802 /* icon.png in Resources */ = {isa = PBXBuildFile; fileRef = F3750F1F223239FB0047B802 /* icon.png */; };
		F3750F232232663B0047B802 /* LocalLanguageMgr.m in Sources */ = {isa = PBXBuildFile; fileRef = F3750F222232663B0047B802 /* LocalLanguageMgr.m */; };
		F392383821FAB23A005D2603 /* CoreTelephony.framework in Frameworks */ = {isa = PBXBuildFile; fileRef = F392383721FAB23A005D2603 /* CoreTelephony.framework */; };
		F3CE29AF224F47DB00F11535 /* StoreKit.framework in Frameworks */ = {isa = PBXBuildFile; fileRef = F3CE29AE224F47DB00F11535 /* StoreKit.framework */; };
		F3CE29B2224F482C00F11535 /* IAPManager.m in Sources */ = {isa = PBXBuildFile; fileRef = F3CE29B1224F482C00F11535 /* IAPManager.m */; };
/* End PBXBuildFile section */

/* Begin PBXFileReference section */
		04402D142269DC8200E1BC61 /* AFNetWorking_Extension.h */ = {isa = PBXFileReference; fileEncoding = 4; lastKnownFileType = sourcecode.c.h; path = AFNetWorking_Extension.h; sourceTree = "<group>"; };
		04402D152269DC8200E1BC61 /* URLSessionDataTask.h */ = {isa = PBXFileReference; fileEncoding = 4; lastKnownFileType = sourcecode.c.h; path = URLSessionDataTask.h; sourceTree = "<group>"; };
		04402D162269DC8200E1BC61 /* JSVMManager.m */ = {isa = PBXFileReference; fileEncoding = 4; lastKnownFileType = sourcecode.c.objc; path = JSVMManager.m; sourceTree = "<group>"; };
		04402D172269DC8200E1BC61 /* jsvmTest.js */ = {isa = PBXFileReference; fileEncoding = 4; lastKnownFileType = sourcecode.javascript; path = jsvmTest.js; sourceTree = "<group>"; };
		04402D182269DC8200E1BC61 /* AFNetWorking_Extension.m */ = {isa = PBXFileReference; fileEncoding = 4; lastKnownFileType = sourcecode.c.objc; path = AFNetWorking_Extension.m; sourceTree = "<group>"; };
		04402D192269DC8200E1BC61 /* JSVMManager.h */ = {isa = PBXFileReference; fileEncoding = 4; lastKnownFileType = sourcecode.c.h; path = JSVMManager.h; sourceTree = "<group>"; };
		04402D1A2269DC8200E1BC61 /* URLSessionDataTask.m */ = {isa = PBXFileReference; fileEncoding = 4; lastKnownFileType = sourcecode.c.objc; path = URLSessionDataTask.m; sourceTree = "<group>"; };
		05E9AC1474756A21F18A3754 /* Pods_WebViewPro.framework */ = {isa = PBXFileReference; explicitFileType = wrapper.framework; includeInIndex = 0; path = Pods_WebViewPro.framework; sourceTree = BUILT_PRODUCTS_DIR; };
		1172D96F2A9AD88014270C48 /* Pods-WebViewPro.debug.xcconfig */ = {isa = PBXFileReference; includeInIndex = 1; lastKnownFileType = text.xcconfig; name = "Pods-WebViewPro.debug.xcconfig"; path = "Pods/Target Support Files/Pods-WebViewPro/Pods-WebViewPro.debug.xcconfig"; sourceTree = "<group>"; };
		1828D342215E358500AEC12F /* DeviceIdProvider.h */ = {isa = PBXFileReference; lastKnownFileType = sourcecode.c.h; path = DeviceIdProvider.h; sourceTree = "<group>"; };
		1828D343215E358500AEC12F /* DeviceIdProvider.m */ = {isa = PBXFileReference; lastKnownFileType = sourcecode.c.objc; path = DeviceIdProvider.m; sourceTree = "<group>"; };
		186CC14B212D3CBA004AC557 /* QRCode.h */ = {isa = PBXFileReference; lastKnownFileType = sourcecode.c.h; path = QRCode.h; sourceTree = "<group>"; };
		186CC14C212D3CFC004AC557 /* BaseObject.h */ = {isa = PBXFileReference; lastKnownFileType = sourcecode.c.h; path = BaseObject.h; sourceTree = "<group>"; };
		186CC14D212D3D38004AC557 /* BaseObject.m */ = {isa = PBXFileReference; lastKnownFileType = sourcecode.c.objc; path = BaseObject.m; sourceTree = "<group>"; };
		186CC14F212D3D5C004AC557 /* QRCode.m */ = {isa = PBXFileReference; lastKnownFileType = sourcecode.c.objc; path = QRCode.m; sourceTree = "<group>"; };
		186CC151212D4077004AC557 /* ImagePicker.h */ = {isa = PBXFileReference; lastKnownFileType = sourcecode.c.h; path = ImagePicker.h; sourceTree = "<group>"; };
		186CC152212D40AF004AC557 /* ImagePicker.m */ = {isa = PBXFileReference; lastKnownFileType = sourcecode.c.objc; path = ImagePicker.m; sourceTree = "<group>"; };
		186CC155212D40FE004AC557 /* ImageUtils.m */ = {isa = PBXFileReference; lastKnownFileType = sourcecode.c.objc; path = ImageUtils.m; sourceTree = "<group>"; };
		186CC157212D4110004AC557 /* ImageUtils.h */ = {isa = PBXFileReference; lastKnownFileType = sourcecode.c.h; path = ImageUtils.h; sourceTree = "<group>"; };
		186CC160212D5B92004AC557 /* MOBFoundation.framework */ = {isa = PBXFileReference; lastKnownFileType = wrapper.framework; path = MOBFoundation.framework; sourceTree = "<group>"; };
		186CC162212D5B92004AC557 /* ShareSDK.framework */ = {isa = PBXFileReference; lastKnownFileType = wrapper.framework; path = ShareSDK.framework; sourceTree = "<group>"; };
		186CC165212D5B92004AC557 /* ShareSDKConfigFile.bundle */ = {isa = PBXFileReference; lastKnownFileType = "wrapper.plug-in"; path = ShareSDKConfigFile.bundle; sourceTree = "<group>"; };
		186CC166212D5B92004AC557 /* ShareSDKConfigFile.framework */ = {isa = PBXFileReference; lastKnownFileType = wrapper.framework; path = ShareSDKConfigFile.framework; sourceTree = "<group>"; };
		186CC167212D5B92004AC557 /* ShareSDKExtension.framework */ = {isa = PBXFileReference; lastKnownFileType = wrapper.framework; path = ShareSDKExtension.framework; sourceTree = "<group>"; };
		186CC168212D5B92004AC557 /* ShareSDKUI.bundle */ = {isa = PBXFileReference; lastKnownFileType = "wrapper.plug-in"; path = ShareSDKUI.bundle; sourceTree = "<group>"; };
		186CC169212D5B92004AC557 /* ShareSDKUI.framework */ = {isa = PBXFileReference; lastKnownFileType = wrapper.framework; path = ShareSDKUI.framework; sourceTree = "<group>"; };
		186CC16B212D5B92004AC557 /* LineConnector.framework */ = {isa = PBXFileReference; lastKnownFileType = wrapper.framework; path = LineConnector.framework; sourceTree = "<group>"; };
		186CC16C212D5B92004AC557 /* QQConnector.framework */ = {isa = PBXFileReference; lastKnownFileType = wrapper.framework; path = QQConnector.framework; sourceTree = "<group>"; };
		186CC16D212D5B92004AC557 /* WechatConnector.framework */ = {isa = PBXFileReference; lastKnownFileType = wrapper.framework; path = WechatConnector.framework; sourceTree = "<group>"; };
		186CC170212D5B92004AC557 /* LineSDK.framework */ = {isa = PBXFileReference; lastKnownFileType = wrapper.framework; path = LineSDK.framework; sourceTree = "<group>"; };
		186CC172212D5B92004AC557 /* TencentOpenAPI.framework */ = {isa = PBXFileReference; lastKnownFileType = wrapper.framework; path = TencentOpenAPI.framework; sourceTree = "<group>"; };
		186CC174212D5B92004AC557 /* libWeChatSDK.a */ = {isa = PBXFileReference; lastKnownFileType = archive.ar; path = libWeChatSDK.a; sourceTree = "<group>"; };
		186CC175212D5B92004AC557 /* README.txt */ = {isa = PBXFileReference; fileEncoding = 4; lastKnownFileType = text; path = README.txt; sourceTree = "<group>"; };
		186CC176212D5B92004AC557 /* WechatAuthSDK.h */ = {isa = PBXFileReference; fileEncoding = 4; lastKnownFileType = sourcecode.c.h; path = WechatAuthSDK.h; sourceTree = "<group>"; };
		186CC177212D5B92004AC557 /* WXApi.h */ = {isa = PBXFileReference; fileEncoding = 4; lastKnownFileType = sourcecode.c.h; path = WXApi.h; sourceTree = "<group>"; };
		186CC178212D5B92004AC557 /* WXApiObject.h */ = {isa = PBXFileReference; fileEncoding = 4; lastKnownFileType = sourcecode.c.h; path = WXApiObject.h; sourceTree = "<group>"; };
		186CC17A212D5B92004AC557 /* ShareSDK.bundle */ = {isa = PBXFileReference; lastKnownFileType = "wrapper.plug-in"; path = ShareSDK.bundle; sourceTree = "<group>"; };
		186CC17B212D5B92004AC557 /* ShareSDKConnector.framework */ = {isa = PBXFileReference; lastKnownFileType = wrapper.framework; path = ShareSDKConnector.framework; sourceTree = "<group>"; };
		186CC18C212E570B004AC557 /* libicucore.tbd */ = {isa = PBXFileReference; lastKnownFileType = "sourcecode.text-based-dylib-definition"; name = libicucore.tbd; path = usr/lib/libicucore.tbd; sourceTree = SDKROOT; };
		186CC18E212E5718004AC557 /* libz.tbd */ = {isa = PBXFileReference; lastKnownFileType = "sourcecode.text-based-dylib-definition"; name = libz.tbd; path = usr/lib/libz.tbd; sourceTree = SDKROOT; };
		186CC190212E5732004AC557 /* libstdc++.tbd */ = {isa = PBXFileReference; lastKnownFileType = "sourcecode.text-based-dylib-definition"; name = "libstdc++.tbd"; path = "usr/lib/libstdc++.tbd"; sourceTree = SDKROOT; };
		186CC192212E573E004AC557 /* JavaScriptCore.framework */ = {isa = PBXFileReference; lastKnownFileType = wrapper.framework; name = JavaScriptCore.framework; path = System/Library/Frameworks/JavaScriptCore.framework; sourceTree = SDKROOT; };
		186CC194212E5755004AC557 /* libsqlite3.tbd */ = {isa = PBXFileReference; lastKnownFileType = "sourcecode.text-based-dylib-definition"; name = libsqlite3.tbd; path = usr/lib/libsqlite3.tbd; sourceTree = SDKROOT; };
		186CC196212E5788004AC557 /* ShareToPlatforms.h */ = {isa = PBXFileReference; lastKnownFileType = sourcecode.c.h; path = ShareToPlatforms.h; sourceTree = "<group>"; };
		186CC197212E5788004AC557 /* ShareToPlatforms.m */ = {isa = PBXFileReference; lastKnownFileType = sourcecode.c.objc; path = ShareToPlatforms.m; sourceTree = "<group>"; };
		186CC1B4212E5F12004AC557 /* Argon2Hash.h */ = {isa = PBXFileReference; fileEncoding = 4; lastKnownFileType = sourcecode.c.h; path = Argon2Hash.h; sourceTree = "<group>"; };
		186CC1B5212E5F12004AC557 /* Argon2Hash.m */ = {isa = PBXFileReference; fileEncoding = 4; lastKnownFileType = sourcecode.c.objc; path = Argon2Hash.m; sourceTree = "<group>"; };
		43C727B9AF12A0A78E5BCCF4 /* Pods-WebViewPro.release.xcconfig */ = {isa = PBXFileReference; includeInIndex = 1; lastKnownFileType = text.xcconfig; name = "Pods-WebViewPro.release.xcconfig"; path = "Pods/Target Support Files/Pods-WebViewPro/Pods-WebViewPro.release.xcconfig"; sourceTree = "<group>"; };
		F30026982140FC2400318BB7 /* assets */ = {isa = PBXFileReference; lastKnownFileType = folder; path = assets; sourceTree = "<group>"; };
		F300269A214115F600318BB7 /* JSIntercept.h */ = {isa = PBXFileReference; lastKnownFileType = sourcecode.c.h; path = JSIntercept.h; sourceTree = "<group>"; };
		F300269B2141161D00318BB7 /* JSIntercept.m */ = {isa = PBXFileReference; lastKnownFileType = sourcecode.c.objc; path = JSIntercept.m; sourceTree = "<group>"; };
		F312419A21AE6E1500819868 /* blake2.h */ = {isa = PBXFileReference; fileEncoding = 4; lastKnownFileType = sourcecode.c.h; path = blake2.h; sourceTree = "<group>"; };
		F312419B21AE6E1500819868 /* blamka-round-ref.h */ = {isa = PBXFileReference; fileEncoding = 4; lastKnownFileType = sourcecode.c.h; path = "blamka-round-ref.h"; sourceTree = "<group>"; };
		F312419C21AE6E1600819868 /* blake2b.c */ = {isa = PBXFileReference; fileEncoding = 4; lastKnownFileType = sourcecode.c.c; path = blake2b.c; sourceTree = "<group>"; };
		F312419D21AE6E1600819868 /* ref.c */ = {isa = PBXFileReference; fileEncoding = 4; lastKnownFileType = sourcecode.c.c; path = ref.c; sourceTree = "<group>"; };
		F312419E21AE6E1600819868 /* module.modulemap */ = {isa = PBXFileReference; fileEncoding = 4; lastKnownFileType = "sourcecode.module-map"; path = module.modulemap; sourceTree = "<group>"; };
		F312419F21AE6E1600819868 /* ahash.c */ = {isa = PBXFileReference; fileEncoding = 4; lastKnownFileType = sourcecode.c.c; path = ahash.c; sourceTree = "<group>"; };
		F31241A021AE6E1600819868 /* ref.h */ = {isa = PBXFileReference; fileEncoding = 4; lastKnownFileType = sourcecode.c.h; path = ref.h; sourceTree = "<group>"; };
		F31241A121AE6E1600819868 /* argon2.c */ = {isa = PBXFileReference; fileEncoding = 4; lastKnownFileType = sourcecode.c.c; path = argon2.c; sourceTree = "<group>"; };
		F31241A221AE6E1600819868 /* core.h */ = {isa = PBXFileReference; fileEncoding = 4; lastKnownFileType = sourcecode.c.h; path = core.h; sourceTree = "<group>"; };
		F31241A321AE6E1600819868 /* encoding.c */ = {isa = PBXFileReference; fileEncoding = 4; lastKnownFileType = sourcecode.c.c; path = encoding.c; sourceTree = "<group>"; };
		F31241A421AE6E1600819868 /* thread.c */ = {isa = PBXFileReference; fileEncoding = 4; lastKnownFileType = sourcecode.c.c; path = thread.c; sourceTree = "<group>"; };
		F31241A521AE6E1600819868 /* argon2.h */ = {isa = PBXFileReference; fileEncoding = 4; lastKnownFileType = sourcecode.c.h; path = argon2.h; sourceTree = "<group>"; };
		F31241A621AE6E1600819868 /* encoding.h */ = {isa = PBXFileReference; fileEncoding = 4; lastKnownFileType = sourcecode.c.h; path = encoding.h; sourceTree = "<group>"; };
		F31241A721AE6E1600819868 /* blamka-round-opt.h */ = {isa = PBXFileReference; fileEncoding = 4; lastKnownFileType = sourcecode.c.h; path = "blamka-round-opt.h"; sourceTree = "<group>"; };
		F31241A821AE6E1600819868 /* LICENSE */ = {isa = PBXFileReference; fileEncoding = 4; lastKnownFileType = text; path = LICENSE; sourceTree = "<group>"; };
		F31241A921AE6E1600819868 /* thread.h */ = {isa = PBXFileReference; fileEncoding = 4; lastKnownFileType = sourcecode.c.h; path = thread.h; sourceTree = "<group>"; };
		F31241AA21AE6E1600819868 /* core.c */ = {isa = PBXFileReference; fileEncoding = 4; lastKnownFileType = sourcecode.c.c; path = core.c; sourceTree = "<group>"; };
		F31241AB21AE6E1600819868 /* blake2-impl.h */ = {isa = PBXFileReference; fileEncoding = 4; lastKnownFileType = sourcecode.c.h; path = "blake2-impl.h"; sourceTree = "<group>"; };
		F31241AC21AE6E1700819868 /* ahash.h */ = {isa = PBXFileReference; fileEncoding = 4; lastKnownFileType = sourcecode.c.h; path = ahash.h; sourceTree = "<group>"; };
		F330722321C0E98C00E0B9C2 /* JSBridge.h */ = {isa = PBXFileReference; lastKnownFileType = sourcecode.c.h; path = JSBridge.h; sourceTree = "<group>"; };
		F330722421C0E98D00E0B9C2 /* JSBridge.m */ = {isa = PBXFileReference; lastKnownFileType = sourcecode.c.objc; path = JSBridge.m; sourceTree = "<group>"; };
		F3329E8C21BE899900194F23 /* lame.h */ = {isa = PBXFileReference; fileEncoding = 4; lastKnownFileType = sourcecode.c.h; path = lame.h; sourceTree = "<group>"; };
		F3329E8D21BE899900194F23 /* libmp3lame.a */ = {isa = PBXFileReference; lastKnownFileType = archive.ar; path = libmp3lame.a; sourceTree = "<group>"; };
		F3329E9221BF564800194F23 /* NSObject+extend.h */ = {isa = PBXFileReference; lastKnownFileType = sourcecode.c.h; path = "NSObject+extend.h"; sourceTree = "<group>"; };
		F3347FE521D70855000767AA /* CameraPicker.h */ = {isa = PBXFileReference; lastKnownFileType = sourcecode.c.h; path = CameraPicker.h; sourceTree = "<group>"; };
		F3347FE621D70855000767AA /* CameraPicker.m */ = {isa = PBXFileReference; lastKnownFileType = sourcecode.c.objc; path = CameraPicker.m; sourceTree = "<group>"; };
		F33D934321AFD1C0001E3AC8 /* YNWebView.h */ = {isa = PBXFileReference; lastKnownFileType = sourcecode.c.h; path = YNWebView.h; sourceTree = "<group>"; };
		F33D934421AFD1C0001E3AC8 /* YNWebView.m */ = {isa = PBXFileReference; lastKnownFileType = sourcecode.c.objc; path = YNWebView.m; sourceTree = "<group>"; };
		F33D934921AFF3A3001E3AC8 /* WebViewManager.h */ = {isa = PBXFileReference; lastKnownFileType = sourcecode.c.h; path = WebViewManager.h; sourceTree = "<group>"; };
		F33D934A21AFF3A3001E3AC8 /* WebViewManager.m */ = {isa = PBXFileReference; lastKnownFileType = sourcecode.c.objc; path = WebViewManager.m; sourceTree = "<group>"; };
		F33D934D21B109FC001E3AC8 /* globolNavigationController.m */ = {isa = PBXFileReference; fileEncoding = 4; lastKnownFileType = sourcecode.c.objc; path = globolNavigationController.m; sourceTree = "<group>"; };
		F33D934E21B109FC001E3AC8 /* globolNavigationController.h */ = {isa = PBXFileReference; fileEncoding = 4; lastKnownFileType = sourcecode.c.h; path = globolNavigationController.h; sourceTree = "<group>"; };
		F33D935021B10E44001E3AC8 /* ynWebViewController.h */ = {isa = PBXFileReference; lastKnownFileType = sourcecode.c.h; path = ynWebViewController.h; sourceTree = "<group>"; };
		F33D935121B10E44001E3AC8 /* ynWebViewController.m */ = {isa = PBXFileReference; lastKnownFileType = sourcecode.c.objc; path = ynWebViewController.m; sourceTree = "<group>"; };
		F340DD4121DDB8B800A25D50 /* AudioRecorder.h */ = {isa = PBXFileReference; lastKnownFileType = sourcecode.c.h; path = AudioRecorder.h; sourceTree = "<group>"; };
		F340DD4221DDB8B800A25D50 /* AudioRecorder.m */ = {isa = PBXFileReference; lastKnownFileType = sourcecode.c.objc; path = AudioRecorder.m; sourceTree = "<group>"; };
		F3439882221E98720012CF15 /* WebViewPro.entitlements */ = {isa = PBXFileReference; lastKnownFileType = text.plist.entitlements; path = WebViewPro.entitlements; sourceTree = "<group>"; };
		F354AB282119930300A8BEA8 /* WebViewPro.app */ = {isa = PBXFileReference; explicitFileType = wrapper.application; includeInIndex = 0; path = WebViewPro.app; sourceTree = BUILT_PRODUCTS_DIR; };
		F354AB2B2119930300A8BEA8 /* WebViewAppDelegate.h */ = {isa = PBXFileReference; lastKnownFileType = sourcecode.c.h; path = WebViewAppDelegate.h; sourceTree = "<group>"; };
		F354AB2C2119930300A8BEA8 /* WebViewAppDelegate.m */ = {isa = PBXFileReference; lastKnownFileType = sourcecode.c.objc; path = WebViewAppDelegate.m; sourceTree = "<group>"; };
		F354AB2E2119930300A8BEA8 /* WebViewController.h */ = {isa = PBXFileReference; lastKnownFileType = sourcecode.c.h; path = WebViewController.h; sourceTree = "<group>"; };
		F354AB2F2119930300A8BEA8 /* WebViewController.m */ = {isa = PBXFileReference; lastKnownFileType = sourcecode.c.objc; path = WebViewController.m; sourceTree = "<group>"; };
		F354AB342119930400A8BEA8 /* Assets.xcassets */ = {isa = PBXFileReference; lastKnownFileType = folder.assetcatalog; path = Assets.xcassets; sourceTree = "<group>"; };
		F354AB392119930400A8BEA8 /* Info.plist */ = {isa = PBXFileReference; lastKnownFileType = text.plist.xml; path = Info.plist; sourceTree = "<group>"; };
		F354AB3A2119930400A8BEA8 /* main.m */ = {isa = PBXFileReference; lastKnownFileType = sourcecode.c.objc; path = main.m; sourceTree = "<group>"; };
		F35D48D72223968F00711093 /* AliyunEmasServices-Info.plist */ = {isa = PBXFileReference; fileEncoding = 4; lastKnownFileType = text.plist.xml; path = "AliyunEmasServices-Info.plist"; sourceTree = "<group>"; };
		F362493822150D5600A28ADE /* MessagePost.h */ = {isa = PBXFileReference; lastKnownFileType = sourcecode.c.h; path = MessagePost.h; sourceTree = "<group>"; };
		F362493922150D5600A28ADE /* MessagePost.m */ = {isa = PBXFileReference; lastKnownFileType = sourcecode.c.objc; path = MessagePost.m; sourceTree = "<group>"; };
		F367FC3D21B4C63F007C278A /* UIViewController+BackButtonHandler.h */ = {isa = PBXFileReference; lastKnownFileType = sourcecode.c.h; path = "UIViewController+BackButtonHandler.h"; sourceTree = "<group>"; };
		F367FC3E21B4C63F007C278A /* UIViewController+BackButtonHandler.m */ = {isa = PBXFileReference; lastKnownFileType = sourcecode.c.objc; path = "UIViewController+BackButtonHandler.m"; sourceTree = "<group>"; };
		F3750F1F223239FB0047B802 /* icon.png */ = {isa = PBXFileReference; lastKnownFileType = image.png; path = icon.png; sourceTree = "<group>"; };
		F3750F212232663B0047B802 /* LocalLanguageMgr.h */ = {isa = PBXFileReference; lastKnownFileType = sourcecode.c.h; path = LocalLanguageMgr.h; sourceTree = "<group>"; };
		F3750F222232663B0047B802 /* LocalLanguageMgr.m */ = {isa = PBXFileReference; lastKnownFileType = sourcecode.c.objc; path = LocalLanguageMgr.m; sourceTree = "<group>"; };
		F392383721FAB23A005D2603 /* CoreTelephony.framework */ = {isa = PBXFileReference; lastKnownFileType = wrapper.framework; name = CoreTelephony.framework; path = System/Library/Frameworks/CoreTelephony.framework; sourceTree = SDKROOT; };
		F3CE29AE224F47DB00F11535 /* StoreKit.framework */ = {isa = PBXFileReference; lastKnownFileType = wrapper.framework; name = StoreKit.framework; path = System/Library/Frameworks/StoreKit.framework; sourceTree = SDKROOT; };
		F3CE29B0224F482C00F11535 /* IAPManager.h */ = {isa = PBXFileReference; lastKnownFileType = sourcecode.c.h; path = IAPManager.h; sourceTree = "<group>"; };
		F3CE29B1224F482C00F11535 /* IAPManager.m */ = {isa = PBXFileReference; lastKnownFileType = sourcecode.c.objc; path = IAPManager.m; sourceTree = "<group>"; };
/* End PBXFileReference section */

/* Begin PBXFrameworksBuildPhase section */
		F354AB252119930300A8BEA8 /* Frameworks */ = {
			isa = PBXFrameworksBuildPhase;
			buildActionMask = 2147483647;
			files = (
				F3CE29AF224F47DB00F11535 /* StoreKit.framework in Frameworks */,
				F392383821FAB23A005D2603 /* CoreTelephony.framework in Frameworks */,
				186CC195212E5756004AC557 /* libsqlite3.tbd in Frameworks */,
				186CC193212E573E004AC557 /* JavaScriptCore.framework in Frameworks */,
				186CC191212E5732004AC557 /* libstdc++.tbd in Frameworks */,
				186CC18F212E5718004AC557 /* libz.tbd in Frameworks */,
				186CC18D212E570B004AC557 /* libicucore.tbd in Frameworks */,
				186CC17D212D5B92004AC557 /* ShareSDK.framework in Frameworks */,
				186CC183212D5B92004AC557 /* LineConnector.framework in Frameworks */,
				186CC188212D5B92004AC557 /* libWeChatSDK.a in Frameworks */,
				186CC182212D5B92004AC557 /* ShareSDKUI.framework in Frameworks */,
				186CC17C212D5B92004AC557 /* MOBFoundation.framework in Frameworks */,
				186CC185212D5B92004AC557 /* WechatConnector.framework in Frameworks */,
				186CC186212D5B92004AC557 /* LineSDK.framework in Frameworks */,
				186CC180212D5B92004AC557 /* ShareSDKExtension.framework in Frameworks */,
				7155D5A8D28B429862CB90DB /* Pods_WebViewPro.framework in Frameworks */,
				186CC187212D5B92004AC557 /* TencentOpenAPI.framework in Frameworks */,
				186CC184212D5B92004AC557 /* QQConnector.framework in Frameworks */,
				F3329E8E21BE899900194F23 /* libmp3lame.a in Frameworks */,
				186CC17F212D5B92004AC557 /* ShareSDKConfigFile.framework in Frameworks */,
				186CC18B212D5B92004AC557 /* ShareSDKConnector.framework in Frameworks */,
			);
			runOnlyForDeploymentPostprocessing = 0;
		};
/* End PBXFrameworksBuildPhase section */

/* Begin PBXGroup section */
		04402D132269DC8200E1BC61 /* jsvm */ = {
			isa = PBXGroup;
			children = (
				04402D172269DC8200E1BC61 /* jsvmTest.js */,
				04402D142269DC8200E1BC61 /* AFNetWorking_Extension.h */,
				04402D182269DC8200E1BC61 /* AFNetWorking_Extension.m */,
				04402D152269DC8200E1BC61 /* URLSessionDataTask.h */,
				04402D1A2269DC8200E1BC61 /* URLSessionDataTask.m */,
				04402D192269DC8200E1BC61 /* JSVMManager.h */,
				04402D162269DC8200E1BC61 /* JSVMManager.m */,
			);
			path = jsvm;
			sourceTree = "<group>";
		};
		1828D2CD215DED6700AEC12F /* images */ = {
			isa = PBXGroup;
			children = (
				F3750F1F223239FB0047B802 /* icon.png */,
			);
			path = images;
			sourceTree = "<group>";
		};
		186CC14A212D3CA7004AC557 /* module */ = {
			isa = PBXGroup;
			children = (
				186CC1B4212E5F12004AC557 /* Argon2Hash.h */,
				186CC1B5212E5F12004AC557 /* Argon2Hash.m */,
				186CC14B212D3CBA004AC557 /* QRCode.h */,
				186CC14F212D3D5C004AC557 /* QRCode.m */,
				186CC14C212D3CFC004AC557 /* BaseObject.h */,
				186CC14D212D3D38004AC557 /* BaseObject.m */,
				186CC196212E5788004AC557 /* ShareToPlatforms.h */,
				186CC197212E5788004AC557 /* ShareToPlatforms.m */,
				1828D342215E358500AEC12F /* DeviceIdProvider.h */,
				1828D343215E358500AEC12F /* DeviceIdProvider.m */,
				186CC151212D4077004AC557 /* ImagePicker.h */,
				186CC152212D40AF004AC557 /* ImagePicker.m */,
				F33D934921AFF3A3001E3AC8 /* WebViewManager.h */,
				F33D934A21AFF3A3001E3AC8 /* WebViewManager.m */,
				F3347FE521D70855000767AA /* CameraPicker.h */,
				F3347FE621D70855000767AA /* CameraPicker.m */,
				F340DD4121DDB8B800A25D50 /* AudioRecorder.h */,
				F340DD4221DDB8B800A25D50 /* AudioRecorder.m */,
				F362493822150D5600A28ADE /* MessagePost.h */,
				F362493922150D5600A28ADE /* MessagePost.m */,
				F3750F212232663B0047B802 /* LocalLanguageMgr.h */,
				F3750F222232663B0047B802 /* LocalLanguageMgr.m */,
				F3CE29B0224F482C00F11535 /* IAPManager.h */,
				F3CE29B1224F482C00F11535 /* IAPManager.m */,
			);
			path = module;
			sourceTree = "<group>";
		};
		186CC154212D40DD004AC557 /* util */ = {
			isa = PBXGroup;
			children = (
				186CC155212D40FE004AC557 /* ImageUtils.m */,
				186CC157212D4110004AC557 /* ImageUtils.h */,
			);
			path = util;
			sourceTree = "<group>";
		};
		186CC15E212D5B92004AC557 /* SDK */ = {
			isa = PBXGroup;
			children = (
				F35D48D72223968F00711093 /* AliyunEmasServices-Info.plist */,
				F3329E8B21BE898700194F23 /* Lame */,
				186CC19B212E5E42004AC557 /* Argon2 */,
				186CC15F212D5B92004AC557 /* Required */,
				186CC161212D5B92004AC557 /* ShareSDK */,
			);
			path = SDK;
			sourceTree = "<group>";
		};
		186CC15F212D5B92004AC557 /* Required */ = {
			isa = PBXGroup;
			children = (
				186CC160212D5B92004AC557 /* MOBFoundation.framework */,
			);
			path = Required;
			sourceTree = "<group>";
		};
		186CC161212D5B92004AC557 /* ShareSDK */ = {
			isa = PBXGroup;
			children = (
				186CC162212D5B92004AC557 /* ShareSDK.framework */,
				186CC163212D5B92004AC557 /* Support */,
			);
			path = ShareSDK;
			sourceTree = "<group>";
		};
		186CC163212D5B92004AC557 /* Support */ = {
			isa = PBXGroup;
			children = (
				186CC164212D5B92004AC557 /* Optional */,
				186CC16A212D5B92004AC557 /* PlatformConnector */,
				186CC16E212D5B92004AC557 /* PlatformSDK */,
				186CC179212D5B92004AC557 /* Required */,
			);
			path = Support;
			sourceTree = "<group>";
		};
		186CC164212D5B92004AC557 /* Optional */ = {
			isa = PBXGroup;
			children = (
				186CC165212D5B92004AC557 /* ShareSDKConfigFile.bundle */,
				186CC166212D5B92004AC557 /* ShareSDKConfigFile.framework */,
				186CC167212D5B92004AC557 /* ShareSDKExtension.framework */,
				186CC168212D5B92004AC557 /* ShareSDKUI.bundle */,
				186CC169212D5B92004AC557 /* ShareSDKUI.framework */,
			);
			path = Optional;
			sourceTree = "<group>";
		};
		186CC16A212D5B92004AC557 /* PlatformConnector */ = {
			isa = PBXGroup;
			children = (
				186CC16B212D5B92004AC557 /* LineConnector.framework */,
				186CC16C212D5B92004AC557 /* QQConnector.framework */,
				186CC16D212D5B92004AC557 /* WechatConnector.framework */,
			);
			path = PlatformConnector;
			sourceTree = "<group>";
		};
		186CC16E212D5B92004AC557 /* PlatformSDK */ = {
			isa = PBXGroup;
			children = (
				186CC16F212D5B92004AC557 /* LineSDK */,
				186CC171212D5B92004AC557 /* QQSDK */,
				186CC173212D5B92004AC557 /* WeChatSDK */,
			);
			path = PlatformSDK;
			sourceTree = "<group>";
		};
		186CC16F212D5B92004AC557 /* LineSDK */ = {
			isa = PBXGroup;
			children = (
				186CC170212D5B92004AC557 /* LineSDK.framework */,
			);
			path = LineSDK;
			sourceTree = "<group>";
		};
		186CC171212D5B92004AC557 /* QQSDK */ = {
			isa = PBXGroup;
			children = (
				186CC172212D5B92004AC557 /* TencentOpenAPI.framework */,
			);
			path = QQSDK;
			sourceTree = "<group>";
		};
		186CC173212D5B92004AC557 /* WeChatSDK */ = {
			isa = PBXGroup;
			children = (
				186CC174212D5B92004AC557 /* libWeChatSDK.a */,
				186CC175212D5B92004AC557 /* README.txt */,
				186CC176212D5B92004AC557 /* WechatAuthSDK.h */,
				186CC177212D5B92004AC557 /* WXApi.h */,
				186CC178212D5B92004AC557 /* WXApiObject.h */,
			);
			path = WeChatSDK;
			sourceTree = "<group>";
		};
		186CC179212D5B92004AC557 /* Required */ = {
			isa = PBXGroup;
			children = (
				186CC17A212D5B92004AC557 /* ShareSDK.bundle */,
				186CC17B212D5B92004AC557 /* ShareSDKConnector.framework */,
			);
			path = Required;
			sourceTree = "<group>";
		};
		186CC19B212E5E42004AC557 /* Argon2 */ = {
			isa = PBXGroup;
			children = (
				F312419F21AE6E1600819868 /* ahash.c */,
				F31241AC21AE6E1700819868 /* ahash.h */,
				F31241A121AE6E1600819868 /* argon2.c */,
				F31241A521AE6E1600819868 /* argon2.h */,
				F31241AB21AE6E1600819868 /* blake2-impl.h */,
				F312419A21AE6E1500819868 /* blake2.h */,
				F312419C21AE6E1600819868 /* blake2b.c */,
				F31241A721AE6E1600819868 /* blamka-round-opt.h */,
				F312419B21AE6E1500819868 /* blamka-round-ref.h */,
				F31241AA21AE6E1600819868 /* core.c */,
				F31241A221AE6E1600819868 /* core.h */,
				F31241A321AE6E1600819868 /* encoding.c */,
				F31241A621AE6E1600819868 /* encoding.h */,
				F31241A821AE6E1600819868 /* LICENSE */,
				F312419E21AE6E1600819868 /* module.modulemap */,
				F312419D21AE6E1600819868 /* ref.c */,
				F31241A021AE6E1600819868 /* ref.h */,
				F31241A421AE6E1600819868 /* thread.c */,
				F31241A921AE6E1600819868 /* thread.h */,
			);
			path = Argon2;
			sourceTree = "<group>";
		};
		D9867163C925FD4A8BD77FDE /* Pods */ = {
			isa = PBXGroup;
			children = (
				1172D96F2A9AD88014270C48 /* Pods-WebViewPro.debug.xcconfig */,
				43C727B9AF12A0A78E5BCCF4 /* Pods-WebViewPro.release.xcconfig */,
			);
			name = Pods;
			sourceTree = "<group>";
		};
		F31241B721AE976400819868 /* framework */ = {
			isa = PBXGroup;
			children = (
				F3DA513721C3AD820000B020 /* util */,
				F33D934C21B0DD07001E3AC8 /* ynWebViewController */,
				F300269A214115F600318BB7 /* JSIntercept.h */,
				F300269B2141161D00318BB7 /* JSIntercept.m */,
				F330722321C0E98C00E0B9C2 /* JSBridge.h */,
				F330722421C0E98D00E0B9C2 /* JSBridge.m */,
				F354AB2E2119930300A8BEA8 /* WebViewController.h */,
				F354AB2F2119930300A8BEA8 /* WebViewController.m */,
			);
			path = framework;
			sourceTree = "<group>";
		};
		F31241BE21AE982E00819868 /* appdelegate */ = {
			isa = PBXGroup;
			children = (
				F354AB2B2119930300A8BEA8 /* WebViewAppDelegate.h */,
				F354AB2C2119930300A8BEA8 /* WebViewAppDelegate.m */,
				F354AB392119930400A8BEA8 /* Info.plist */,
				F354AB3A2119930400A8BEA8 /* main.m */,
			);
			path = appdelegate;
			sourceTree = "<group>";
		};
		F31811A521217D5F0094EF5E /* Frameworks */ = {
			isa = PBXGroup;
			children = (
				F3CE29AE224F47DB00F11535 /* StoreKit.framework */,
				F392383721FAB23A005D2603 /* CoreTelephony.framework */,
				186CC194212E5755004AC557 /* libsqlite3.tbd */,
				186CC192212E573E004AC557 /* JavaScriptCore.framework */,
				186CC190212E5732004AC557 /* libstdc++.tbd */,
				186CC18E212E5718004AC557 /* libz.tbd */,
				186CC18C212E570B004AC557 /* libicucore.tbd */,
				05E9AC1474756A21F18A3754 /* Pods_WebViewPro.framework */,
			);
			name = Frameworks;
			sourceTree = "<group>";
		};
		F3329E8B21BE898700194F23 /* Lame */ = {
			isa = PBXGroup;
			children = (
				F3329E8C21BE899900194F23 /* lame.h */,
				F3329E8D21BE899900194F23 /* libmp3lame.a */,
			);
			path = Lame;
			sourceTree = "<group>";
		};
		F33D934C21B0DD07001E3AC8 /* ynWebViewController */ = {
			isa = PBXGroup;
			children = (
				F367FC3D21B4C63F007C278A /* UIViewController+BackButtonHandler.h */,
				F367FC3E21B4C63F007C278A /* UIViewController+BackButtonHandler.m */,
				F33D934E21B109FC001E3AC8 /* globolNavigationController.h */,
				F33D934D21B109FC001E3AC8 /* globolNavigationController.m */,
				F33D935021B10E44001E3AC8 /* ynWebViewController.h */,
				F33D935121B10E44001E3AC8 /* ynWebViewController.m */,
			);
			path = ynWebViewController;
			sourceTree = "<group>";
		};
		F354AB1F2119930300A8BEA8 = {
			isa = PBXGroup;
			children = (
				F3439882221E98720012CF15 /* WebViewPro.entitlements */,
				1828D2CD215DED6700AEC12F /* images */,
				186CC15E212D5B92004AC557 /* SDK */,
				F354AB2A2119930300A8BEA8 /* SRC */,
				F354AB292119930300A8BEA8 /* Products */,
				F31811A521217D5F0094EF5E /* Frameworks */,
				D9867163C925FD4A8BD77FDE /* Pods */,
			);
			sourceTree = "<group>";
		};
		F354AB292119930300A8BEA8 /* Products */ = {
			isa = PBXGroup;
			children = (
				F354AB282119930300A8BEA8 /* WebViewPro.app */,
			);
			name = Products;
			sourceTree = "<group>";
		};
		F354AB2A2119930300A8BEA8 /* SRC */ = {
			isa = PBXGroup;
			children = (
				04402D132269DC8200E1BC61 /* jsvm */,
				F31241BE21AE982E00819868 /* appdelegate */,
				F31241B721AE976400819868 /* framework */,
				F30026982140FC2400318BB7 /* assets */,
				186CC154212D40DD004AC557 /* util */,
				186CC14A212D3CA7004AC557 /* module */,
				F354AB342119930400A8BEA8 /* Assets.xcassets */,
			);
			path = SRC;
			sourceTree = "<group>";
		};
		F3DA513721C3AD820000B020 /* util */ = {
			isa = PBXGroup;
			children = (
				F33D934321AFD1C0001E3AC8 /* YNWebView.h */,
				F33D934421AFD1C0001E3AC8 /* YNWebView.m */,
				F3329E9221BF564800194F23 /* NSObject+extend.h */,
			);
			path = util;
			sourceTree = "<group>";
		};
/* End PBXGroup section */

/* Begin PBXNativeTarget section */
		F354AB272119930300A8BEA8 /* WebViewPro */ = {
			isa = PBXNativeTarget;
			buildConfigurationList = F354AB3E2119930400A8BEA8 /* Build configuration list for PBXNativeTarget "WebViewPro" */;
			buildPhases = (
				47AC85517609C197163906CA /* [CP] Check Pods Manifest.lock */,
				F354AB242119930300A8BEA8 /* Sources */,
				F354AB252119930300A8BEA8 /* Frameworks */,
				F354AB262119930300A8BEA8 /* Resources */,
				FBA01570028408A5EFA50926 /* [CP] Embed Pods Frameworks */,
			);
			buildRules = (
			);
			dependencies = (
			);
			name = WebViewPro;
			productName = test;
			productReference = F354AB282119930300A8BEA8 /* WebViewPro.app */;
			productType = "com.apple.product-type.application";
		};
/* End PBXNativeTarget section */

/* Begin PBXProject section */
		F354AB202119930300A8BEA8 /* Project object */ = {
			isa = PBXProject;
			attributes = {
				LastUpgradeCheck = 0940;
				ORGANIZATIONNAME = kuplay;
				TargetAttributes = {
					F354AB272119930300A8BEA8 = {
						CreatedOnToolsVersion = 9.4.1;
						SystemCapabilities = {
							com.apple.InAppPurchase = {
								enabled = 1;
							};
							com.apple.Push = {
								enabled = 1;
							};
						};
					};
				};
			};
			buildConfigurationList = F354AB232119930300A8BEA8 /* Build configuration list for PBXProject "WebViewPro" */;
			compatibilityVersion = "Xcode 9.3";
			developmentRegion = en;
			hasScannedForEncodings = 0;
			knownRegions = (
				en,
				Base,
				"zh-Hans",
				"zh-Hant",
				ja,
			);
			mainGroup = F354AB1F2119930300A8BEA8;
			productRefGroup = F354AB292119930300A8BEA8 /* Products */;
			projectDirPath = "";
			projectRoot = "";
			targets = (
				F354AB272119930300A8BEA8 /* WebViewPro */,
			);
		};
/* End PBXProject section */

/* Begin PBXResourcesBuildPhase section */
		F354AB262119930300A8BEA8 /* Resources */ = {
			isa = PBXResourcesBuildPhase;
			buildActionMask = 2147483647;
			files = (
				186CC181212D5B92004AC557 /* ShareSDKUI.bundle in Resources */,
				F30026992140FC2400318BB7 /* assets in Resources */,
				04402D1C2269DC8200E1BC61 /* jsvmTest.js in Resources */,
				F3750F20223239FB0047B802 /* icon.png in Resources */,
				F35D48D82223968F00711093 /* AliyunEmasServices-Info.plist in Resources */,
				F31241B321AE6E1700819868 /* LICENSE in Resources */,
				F354AB352119930400A8BEA8 /* Assets.xcassets in Resources */,
				186CC17E212D5B92004AC557 /* ShareSDKConfigFile.bundle in Resources */,
				186CC18A212D5B92004AC557 /* ShareSDK.bundle in Resources */,
				186CC189212D5B92004AC557 /* README.txt in Resources */,
			);
			runOnlyForDeploymentPostprocessing = 0;
		};
/* End PBXResourcesBuildPhase section */

/* Begin PBXShellScriptBuildPhase section */
		47AC85517609C197163906CA /* [CP] Check Pods Manifest.lock */ = {
			isa = PBXShellScriptBuildPhase;
			buildActionMask = 2147483647;
			files = (
			);
			inputPaths = (
				"${PODS_PODFILE_DIR_PATH}/Podfile.lock",
				"${PODS_ROOT}/Manifest.lock",
			);
			name = "[CP] Check Pods Manifest.lock";
			outputPaths = (
				"$(DERIVED_FILE_DIR)/Pods-WebViewPro-checkManifestLockResult.txt",
			);
			runOnlyForDeploymentPostprocessing = 0;
			shellPath = /bin/sh;
			shellScript = "diff \"${PODS_PODFILE_DIR_PATH}/Podfile.lock\" \"${PODS_ROOT}/Manifest.lock\" > /dev/null\nif [ $? != 0 ] ; then\n    # print error to STDERR\n    echo \"error: The sandbox is not in sync with the Podfile.lock. Run 'pod install' or update your CocoaPods installation.\" >&2\n    exit 1\nfi\n# This output is used by Xcode 'outputs' to avoid re-running this script phase.\necho \"SUCCESS\" > \"${SCRIPT_OUTPUT_FILE_0}\"\n";
			showEnvVarsInLog = 0;
		};
		FBA01570028408A5EFA50926 /* [CP] Embed Pods Frameworks */ = {
			isa = PBXShellScriptBuildPhase;
			buildActionMask = 2147483647;
			files = (
			);
			inputPaths = (
				"${SRCROOT}/Pods/Target Support Files/Pods-WebViewPro/Pods-WebViewPro-frameworks.sh",
				"${BUILT_PRODUCTS_DIR}/AFNetwork/AFNetwork.framework",
				"${BUILT_PRODUCTS_DIR}/AFNetworking/AFNetworking.framework",
				"${BUILT_PRODUCTS_DIR}/FMDB/FMDB.framework",
				"${BUILT_PRODUCTS_DIR}/HMQRCodeScanner/HMQRCodeScanner.framework",
				"${BUILT_PRODUCTS_DIR}/Reachability/Reachability.framework",
				"${BUILT_PRODUCTS_DIR}/TZImagePickerController/TZImagePickerController.framework",
			);
			name = "[CP] Embed Pods Frameworks";
			outputPaths = (
				"${TARGET_BUILD_DIR}/${FRAMEWORKS_FOLDER_PATH}/AFNetwork.framework",
				"${TARGET_BUILD_DIR}/${FRAMEWORKS_FOLDER_PATH}/AFNetworking.framework",
				"${TARGET_BUILD_DIR}/${FRAMEWORKS_FOLDER_PATH}/FMDB.framework",
				"${TARGET_BUILD_DIR}/${FRAMEWORKS_FOLDER_PATH}/HMQRCodeScanner.framework",
				"${TARGET_BUILD_DIR}/${FRAMEWORKS_FOLDER_PATH}/Reachability.framework",
				"${TARGET_BUILD_DIR}/${FRAMEWORKS_FOLDER_PATH}/TZImagePickerController.framework",
			);
			runOnlyForDeploymentPostprocessing = 0;
			shellPath = /bin/sh;
			shellScript = "\"${SRCROOT}/Pods/Target Support Files/Pods-WebViewPro/Pods-WebViewPro-frameworks.sh\"\n";
			showEnvVarsInLog = 0;
		};
/* End PBXShellScriptBuildPhase section */

/* Begin PBXSourcesBuildPhase section */
		F354AB242119930300A8BEA8 /* Sources */ = {
			isa = PBXSourcesBuildPhase;
			buildActionMask = 2147483647;
			files = (
				186CC14E212D3D38004AC557 /* BaseObject.m in Sources */,
				F31241AE21AE6E1700819868 /* ref.c in Sources */,
				186CC156212D40FE004AC557 /* ImageUtils.m in Sources */,
				186CC150212D3D5C004AC557 /* QRCode.m in Sources */,
				F31241B421AE6E1700819868 /* core.c in Sources */,
				F3CE29B2224F482C00F11535 /* IAPManager.m in Sources */,
				F31241B121AE6E1700819868 /* encoding.c in Sources */,
				186CC1B6212E5F12004AC557 /* Argon2Hash.m in Sources */,
				F330722521C0E98D00E0B9C2 /* JSBridge.m in Sources */,
				F354AB302119930300A8BEA8 /* WebViewController.m in Sources */,
				F31241AF21AE6E1700819868 /* ahash.c in Sources */,
				F367FC3F21B4C63F007C278A /* UIViewController+BackButtonHandler.m in Sources */,
				F3347FE721D70855000767AA /* CameraPicker.m in Sources */,
				F31241B221AE6E1700819868 /* thread.c in Sources */,
				04402D1D2269DC8200E1BC61 /* AFNetWorking_Extension.m in Sources */,
				F354AB3B2119930400A8BEA8 /* main.m in Sources */,
				F354AB2D2119930300A8BEA8 /* WebViewAppDelegate.m in Sources */,
				186CC198212E5788004AC557 /* ShareToPlatforms.m in Sources */,
				F31241B021AE6E1700819868 /* argon2.c in Sources */,
				F300269C2141161D00318BB7 /* JSIntercept.m in Sources */,
				F33D934F21B109FC001E3AC8 /* globolNavigationController.m in Sources */,
				F340DD4321DDB8B800A25D50 /* AudioRecorder.m in Sources */,
				F33D934521AFD1C0001E3AC8 /* YNWebView.m in Sources */,
				04402D1E2269DC8200E1BC61 /* URLSessionDataTask.m in Sources */,
				F33D935221B10E44001E3AC8 /* ynWebViewController.m in Sources */,
				F362493A22150D5600A28ADE /* MessagePost.m in Sources */,
				F31241AD21AE6E1700819868 /* blake2b.c in Sources */,
				04402D1B2269DC8200E1BC61 /* JSVMManager.m in Sources */,
				1828D344215E358500AEC12F /* DeviceIdProvider.m in Sources */,
				F33D934B21AFF3A3001E3AC8 /* WebViewManager.m in Sources */,
				F3750F232232663B0047B802 /* LocalLanguageMgr.m in Sources */,
				186CC153212D40AF004AC557 /* ImagePicker.m in Sources */,
			);
			runOnlyForDeploymentPostprocessing = 0;
		};
/* End PBXSourcesBuildPhase section */

/* Begin XCBuildConfiguration section */
		F354AB3C2119930400A8BEA8 /* Debug */ = {
			isa = XCBuildConfiguration;
			buildSettings = {
				ALWAYS_SEARCH_USER_PATHS = NO;
				CLANG_ANALYZER_LOCALIZABILITY_NONLOCALIZED = YES;
				CLANG_ANALYZER_NONNULL = YES;
				CLANG_ANALYZER_NUMBER_OBJECT_CONVERSION = YES_AGGRESSIVE;
				CLANG_CXX_LANGUAGE_STANDARD = "gnu++14";
				CLANG_CXX_LIBRARY = "libc++";
				CLANG_ENABLE_MODULES = YES;
				CLANG_ENABLE_OBJC_ARC = YES;
				CLANG_ENABLE_OBJC_WEAK = YES;
				CLANG_WARN_BLOCK_CAPTURE_AUTORELEASING = YES;
				CLANG_WARN_BOOL_CONVERSION = YES;
				CLANG_WARN_COMMA = YES;
				CLANG_WARN_CONSTANT_CONVERSION = YES;
				CLANG_WARN_DEPRECATED_OBJC_IMPLEMENTATIONS = YES;
				CLANG_WARN_DIRECT_OBJC_ISA_USAGE = YES_ERROR;
				CLANG_WARN_DOCUMENTATION_COMMENTS = YES;
				CLANG_WARN_EMPTY_BODY = YES;
				CLANG_WARN_ENUM_CONVERSION = YES;
				CLANG_WARN_INFINITE_RECURSION = YES;
				CLANG_WARN_INT_CONVERSION = YES;
				CLANG_WARN_NON_LITERAL_NULL_CONVERSION = YES;
				CLANG_WARN_OBJC_IMPLICIT_RETAIN_SELF = YES;
				CLANG_WARN_OBJC_LITERAL_CONVERSION = YES;
				CLANG_WARN_OBJC_ROOT_CLASS = YES_ERROR;
				CLANG_WARN_RANGE_LOOP_ANALYSIS = YES;
				CLANG_WARN_STRICT_PROTOTYPES = YES;
				CLANG_WARN_SUSPICIOUS_MOVE = YES;
				CLANG_WARN_UNGUARDED_AVAILABILITY = YES_AGGRESSIVE;
				CLANG_WARN_UNREACHABLE_CODE = YES;
				CLANG_WARN__DUPLICATE_METHOD_MATCH = YES;
				CODE_SIGN_IDENTITY = "iPhone Developer";
				COPY_PHASE_STRIP = NO;
				DEBUG_INFORMATION_FORMAT = dwarf;
				ENABLE_STRICT_OBJC_MSGSEND = YES;
				ENABLE_TESTABILITY = YES;
				GCC_C_LANGUAGE_STANDARD = gnu11;
				GCC_DYNAMIC_NO_PIC = NO;
				GCC_NO_COMMON_BLOCKS = YES;
				GCC_OPTIMIZATION_LEVEL = 0;
				GCC_PREPROCESSOR_DEFINITIONS = (
					"DEBUG=1",
					"$(inherited)",
				);
				GCC_WARN_64_TO_32_BIT_CONVERSION = YES;
				GCC_WARN_ABOUT_RETURN_TYPE = YES_ERROR;
				GCC_WARN_UNDECLARED_SELECTOR = YES;
				GCC_WARN_UNINITIALIZED_AUTOS = YES_AGGRESSIVE;
				GCC_WARN_UNUSED_FUNCTION = YES;
				GCC_WARN_UNUSED_VARIABLE = YES;
				IPHONEOS_DEPLOYMENT_TARGET = 11.4;
				MTL_ENABLE_DEBUG_INFO = YES;
				ONLY_ACTIVE_ARCH = YES;
				SDKROOT = iphoneos;
				USER_HEADER_SEARCH_PATHS = "";
			};
			name = Debug;
		};
		F354AB3D2119930400A8BEA8 /* Release */ = {
			isa = XCBuildConfiguration;
			buildSettings = {
				ALWAYS_SEARCH_USER_PATHS = NO;
				CLANG_ANALYZER_LOCALIZABILITY_NONLOCALIZED = YES;
				CLANG_ANALYZER_NONNULL = YES;
				CLANG_ANALYZER_NUMBER_OBJECT_CONVERSION = YES_AGGRESSIVE;
				CLANG_CXX_LANGUAGE_STANDARD = "gnu++14";
				CLANG_CXX_LIBRARY = "libc++";
				CLANG_ENABLE_MODULES = YES;
				CLANG_ENABLE_OBJC_ARC = YES;
				CLANG_ENABLE_OBJC_WEAK = YES;
				CLANG_WARN_BLOCK_CAPTURE_AUTORELEASING = YES;
				CLANG_WARN_BOOL_CONVERSION = YES;
				CLANG_WARN_COMMA = YES;
				CLANG_WARN_CONSTANT_CONVERSION = YES;
				CLANG_WARN_DEPRECATED_OBJC_IMPLEMENTATIONS = YES;
				CLANG_WARN_DIRECT_OBJC_ISA_USAGE = YES_ERROR;
				CLANG_WARN_DOCUMENTATION_COMMENTS = YES;
				CLANG_WARN_EMPTY_BODY = YES;
				CLANG_WARN_ENUM_CONVERSION = YES;
				CLANG_WARN_INFINITE_RECURSION = YES;
				CLANG_WARN_INT_CONVERSION = YES;
				CLANG_WARN_NON_LITERAL_NULL_CONVERSION = YES;
				CLANG_WARN_OBJC_IMPLICIT_RETAIN_SELF = YES;
				CLANG_WARN_OBJC_LITERAL_CONVERSION = YES;
				CLANG_WARN_OBJC_ROOT_CLASS = YES_ERROR;
				CLANG_WARN_RANGE_LOOP_ANALYSIS = YES;
				CLANG_WARN_STRICT_PROTOTYPES = YES;
				CLANG_WARN_SUSPICIOUS_MOVE = YES;
				CLANG_WARN_UNGUARDED_AVAILABILITY = YES_AGGRESSIVE;
				CLANG_WARN_UNREACHABLE_CODE = YES;
				CLANG_WARN__DUPLICATE_METHOD_MATCH = YES;
				CODE_SIGN_IDENTITY = "iPhone Developer";
				COPY_PHASE_STRIP = NO;
				DEBUG_INFORMATION_FORMAT = "dwarf-with-dsym";
				ENABLE_NS_ASSERTIONS = NO;
				ENABLE_STRICT_OBJC_MSGSEND = YES;
				GCC_C_LANGUAGE_STANDARD = gnu11;
				GCC_NO_COMMON_BLOCKS = YES;
				GCC_WARN_64_TO_32_BIT_CONVERSION = YES;
				GCC_WARN_ABOUT_RETURN_TYPE = YES_ERROR;
				GCC_WARN_UNDECLARED_SELECTOR = YES;
				GCC_WARN_UNINITIALIZED_AUTOS = YES_AGGRESSIVE;
				GCC_WARN_UNUSED_FUNCTION = YES;
				GCC_WARN_UNUSED_VARIABLE = YES;
				IPHONEOS_DEPLOYMENT_TARGET = 11.4;
				MTL_ENABLE_DEBUG_INFO = NO;
				SDKROOT = iphoneos;
				USER_HEADER_SEARCH_PATHS = "";
				VALIDATE_PRODUCT = YES;
			};
			name = Release;
		};
		F354AB3F2119930400A8BEA8 /* Debug */ = {
			isa = XCBuildConfiguration;
			baseConfigurationReference = 1172D96F2A9AD88014270C48 /* Pods-WebViewPro.debug.xcconfig */;
			buildSettings = {
				ASSETCATALOG_COMPILER_APPICON_NAME = AppIcon;
				ASSETCATALOG_COMPILER_LAUNCHIMAGE_NAME = splash;
				CODE_SIGN_ENTITLEMENTS = WebViewPro.entitlements;
				CODE_SIGN_IDENTITY = "iPhone Developer";
				CODE_SIGN_STYLE = Automatic;
				DEVELOPMENT_TEAM = C5K4DLMYTL;
				FRAMEWORK_SEARCH_PATHS = (
					"$(inherited)",
					"$(PROJECT_DIR)/SDK/Required",
					"$(PROJECT_DIR)/SDK/ShareSDK",
					"$(PROJECT_DIR)/SDK/ShareSDK/Support/Optional",
					"$(PROJECT_DIR)/SDK/ShareSDK/Support/PlatformConnector",
					"$(PROJECT_DIR)/SDK/ShareSDK/Support/PlatformSDK/LineSDK",
					"$(PROJECT_DIR)/SDK/ShareSDK/Support/PlatformSDK/QQSDK",
					"$(PROJECT_DIR)/SDK/ShareSDK/Support/Required",
				);
				HEADER_SEARCH_PATHS = "";
				INFOPLIST_FILE = SRC/appdelegate/Info.plist;
				IPHONEOS_DEPLOYMENT_TARGET = 10.0;
				LD_RUNPATH_SEARCH_PATHS = (
					"$(inherited)",
					"@executable_path/Frameworks",
				);
				LIBRARY_SEARCH_PATHS = (
					"$(inherited)",
					"$(PROJECT_DIR)/test",
					"$(PROJECT_DIR)/SDK/ShareSDK/Support/PlatformSDK/WeChatSDK",
					"$(PROJECT_DIR)/SDK/Lame",
				);
				LLVM_LTO = YES_THIN;
				OTHER_CODE_SIGN_FLAGS = "";
				OTHER_LDFLAGS = (
					"$(inherited)",
					"-framework",
					"\"HMQRCodeScanner\"",
					"-framework",
					"\"TZImagePickerController\"",
					"-ObjC",
				);
				PRODUCT_BUNDLE_IDENTIFIER = cn.highapp.xzxd;
				PRODUCT_NAME = "$(TARGET_NAME)";
				PROVISIONING_PROFILE_SPECIFIER = "";
				TARGETED_DEVICE_FAMILY = 1;
				USER_HEADER_SEARCH_PATHS = "$SRCROOT/**";
			};
			name = Debug;
		};
		F354AB402119930400A8BEA8 /* Release */ = {
			isa = XCBuildConfiguration;
			baseConfigurationReference = 43C727B9AF12A0A78E5BCCF4 /* Pods-WebViewPro.release.xcconfig */;
			buildSettings = {
				ASSETCATALOG_COMPILER_APPICON_NAME = AppIcon;
				ASSETCATALOG_COMPILER_LAUNCHIMAGE_NAME = splash;
				CODE_SIGN_ENTITLEMENTS = WebViewPro.entitlements;
				CODE_SIGN_IDENTITY = "iPhone Developer";
				CODE_SIGN_STYLE = Automatic;
				DEVELOPMENT_TEAM = C5K4DLMYTL;
				FRAMEWORK_SEARCH_PATHS = (
					"$(inherited)",
					"$(PROJECT_DIR)/SDK/Required",
					"$(PROJECT_DIR)/SDK/ShareSDK",
					"$(PROJECT_DIR)/SDK/ShareSDK/Support/Optional",
					"$(PROJECT_DIR)/SDK/ShareSDK/Support/PlatformConnector",
					"$(PROJECT_DIR)/SDK/ShareSDK/Support/PlatformSDK/LineSDK",
					"$(PROJECT_DIR)/SDK/ShareSDK/Support/PlatformSDK/QQSDK",
					"$(PROJECT_DIR)/SDK/ShareSDK/Support/Required",
				);
				HEADER_SEARCH_PATHS = "";
				INFOPLIST_FILE = SRC/appdelegate/Info.plist;
				IPHONEOS_DEPLOYMENT_TARGET = 10.0;
				LD_RUNPATH_SEARCH_PATHS = (
					"$(inherited)",
					"@executable_path/Frameworks",
				);
				LIBRARY_SEARCH_PATHS = (
					"$(inherited)",
					"$(PROJECT_DIR)/test",
					"$(PROJECT_DIR)/SDK/ShareSDK/Support/PlatformSDK/WeChatSDK",
					"$(PROJECT_DIR)/SDK/Lame",
				);
				LLVM_LTO = YES_THIN;
				OTHER_CODE_SIGN_FLAGS = "";
				OTHER_LDFLAGS = (
					"$(inherited)",
					"-framework",
					"\"HMQRCodeScanner\"",
					"-framework",
					"\"TZImagePickerController\"",
					"-ObjC",
				);
				PRODUCT_BUNDLE_IDENTIFIER = cn.highapp.xzxd;
				PRODUCT_NAME = "$(TARGET_NAME)";
				PROVISIONING_PROFILE_SPECIFIER = "";
				TARGETED_DEVICE_FAMILY = 1;
				USER_HEADER_SEARCH_PATHS = "$SRCROOT/**";
			};
			name = Release;
		};
/* End XCBuildConfiguration section */

/* Begin XCConfigurationList section */
		F354AB232119930300A8BEA8 /* Build configuration list for PBXProject "WebViewPro" */ = {
			isa = XCConfigurationList;
			buildConfigurations = (
				F354AB3C2119930400A8BEA8 /* Debug */,
				F354AB3D2119930400A8BEA8 /* Release */,
			);
			defaultConfigurationIsVisible = 0;
			defaultConfigurationName = Release;
		};
		F354AB3E2119930400A8BEA8 /* Build configuration list for PBXNativeTarget "WebViewPro" */ = {
			isa = XCConfigurationList;
			buildConfigurations = (
				F354AB3F2119930400A8BEA8 /* Debug */,
				F354AB402119930400A8BEA8 /* Release */,
			);
			defaultConfigurationIsVisible = 0;
			defaultConfigurationName = Release;
		};
/* End XCConfigurationList section */
	};
	rootObject = F354AB202119930300A8BEA8 /* Project object */;
}
